
Microsoft Visual Studio Solution File, Format Version 12.00
# Visual Studio Version 17
VisualStudioVersion = 17.4.33103.184
MinimumVisualStudioVersion = 10.0.40219.1
Project("{FAE04EC0-301F-11D3-BF4B-00C04F79EFBC}") = "AutomationTest", "AutomationTest\AutomationTest.csproj", "{186E1F66-27B7-4D86-8B62-B94E66195C0A}"
EndProject
Global
	GlobalSection(SolutionConfigurationPlatforms) = preSolution
		Debug|Any CPU = Debug|Any CPU
		Release|Any CPU = Release|Any CPU
	EndGlobalSection
	GlobalSection(ProjectConfigurationPlatforms) = postSolution
		{186E1F66-27B7-4D86-8B62-B94E66195C0A}.Debug|Any CPU.ActiveCfg = Debug|Any CPU
		{186E1F66-27B7-4D86-8B62-B94E66195C0A}.Debug|Any CPU.Build.0 = Debug|Any CPU
		{186E1F66-27B7-4D86-8B62-B94E66195C0A}.Release|Any CPU.ActiveCfg = Release|Any CPU
		{186E1F66-27B7-4D86-8B62-B94E66195C0A}.Release|Any CPU.Build.0 = Release|Any CPU
	EndGlobalSection
	GlobalSection(SolutionProperties) = preSolution
		HideSolutionNode = FALSE
	EndGlobalSection
	GlobalSection(ExtensibilityGlobals) = postSolution
		SolutionGuid = {35A41A6E-700F-4DAD-B14B-F4CCC88C2840}
	EndGlobalSection
EndGlobal
